# THIS IS AN AUTOGENERATED FILE. DO NOT EDIT THIS FILE DIRECTLY.
# yarn lockfile v1


now@^15.8.5:
  version "15.8.5"
  resolved "https://registry.yarnpkg.com/now/-/now-15.8.5.tgz#1201ad17d8f21f41455e5aeaf879def711beb3c5"
  integrity sha512-YjkbEzxANkqDrQG5FAMkK4asZnU5NYvVUCgeACZlASNs+SXZgDObDlIOW2OCs1TF5zBZStD9BMkE8l16imddQA==

prettier@^1.18.2:
  version "1.18.2"
  resolved "https://registry.yarnpkg.com/prettier/-/prettier-1.18.2.tgz#6823e7c5900017b4bd3acf46fe9ac4b4d7bda9ea"
  integrity sha512-OeHeMc0JhFE9idD4ZdtNibzY0+TPHSpSSb9h8FqtP+YnoZZ1sl8Vc9b1sasjfymH3SonAF4QcA2+mzHPhMvIiw==
